
Microsoft Visual Studio Solution File, Format Version 12.00
# Visual Studio Version 17
VisualStudioVersion = 17.3.32825.248
MinimumVisualStudioVersion = 10.0.40219.1
Project("{FAE04EC0-301F-11D3-BF4B-00C04F79EFBC}") = "ConsoleApp3", "ConsoleApp3\ConsoleApp3.csproj", "{FBA184EC-DF9C-4208-8181-C442A02F722C}"
EndProject
Global
	GlobalSection(SolutionConfigurationPlatforms) = preSolution
		Debug|Any CPU = Debug|Any CPU
		Release|Any CPU = Release|Any CPU
	EndGlobalSection
	GlobalSection(ProjectConfigurationPlatforms) = postSolution
		{FBA184EC-DF9C-4208-8181-C442A02F722C}.Debug|Any CPU.ActiveCfg = Debug|Any CPU
		{FBA184EC-DF9C-4208-8181-C442A02F722C}.Debug|Any CPU.Build.0 = Debug|Any CPU
		{FBA184EC-DF9C-4208-8181-C442A02F722C}.Release|Any CPU.ActiveCfg = Release|Any CPU
		{FBA184EC-DF9C-4208-8181-C442A02F722C}.Release|Any CPU.Build.0 = Release|Any CPU
	EndGlobalSection
	GlobalSection(SolutionProperties) = preSolution
		HideSolutionNode = FALSE
	EndGlobalSection
	GlobalSection(ExtensibilityGlobals) = postSolution
		SolutionGuid = {D39D56B3-4630-4E5E-82C2-1565904CE680}
	EndGlobalSection
EndGlobal
