
Microsoft Visual Studio Solution File, Format Version 12.00
# Visual Studio Version 17
VisualStudioVersion = 17.4.33110.190
MinimumVisualStudioVersion = 10.0.40219.1
Project("{FAE04EC0-301F-11D3-BF4B-00C04F79EFBC}") = "Associations", "Associations\Associations.csproj", "{74D918BB-0D1A-4D85-9CF5-96239E437B5C}"
EndProject
Global
	GlobalSection(SolutionConfigurationPlatforms) = preSolution
		Debug|Any CPU = Debug|Any CPU
		Release|Any CPU = Release|Any CPU
	EndGlobalSection
	GlobalSection(ProjectConfigurationPlatforms) = postSolution
		{74D918BB-0D1A-4D85-9CF5-96239E437B5C}.Debug|Any CPU.ActiveCfg = Debug|Any CPU
		{74D918BB-0D1A-4D85-9CF5-96239E437B5C}.Debug|Any CPU.Build.0 = Debug|Any CPU
		{74D918BB-0D1A-4D85-9CF5-96239E437B5C}.Release|Any CPU.ActiveCfg = Release|Any CPU
		{74D918BB-0D1A-4D85-9CF5-96239E437B5C}.Release|Any CPU.Build.0 = Release|Any CPU
	EndGlobalSection
	GlobalSection(SolutionProperties) = preSolution
		HideSolutionNode = FALSE
	EndGlobalSection
	GlobalSection(ExtensibilityGlobals) = postSolution
		SolutionGuid = {0A364C04-6645-40A0-ABD6-42A90F7BADCD}
	EndGlobalSection
EndGlobal
