
Microsoft Visual Studio Solution File, Format Version 12.00
# Visual Studio Version 17
VisualStudioVersion = 17.3.32825.248
MinimumVisualStudioVersion = 10.0.40219.1
Project("{FAE04EC0-301F-11D3-BF4B-00C04F79EFBC}") = "контрольная", "контрольная.csproj", "{98AE4DD1-5E5F-41D5-9361-CBAA3245DF9A}"
EndProject
Global
	GlobalSection(SolutionConfigurationPlatforms) = preSolution
		Debug|Any CPU = Debug|Any CPU
		Release|Any CPU = Release|Any CPU
	EndGlobalSection
	GlobalSection(ProjectConfigurationPlatforms) = postSolution
		{98AE4DD1-5E5F-41D5-9361-CBAA3245DF9A}.Debug|Any CPU.ActiveCfg = Debug|Any CPU
		{98AE4DD1-5E5F-41D5-9361-CBAA3245DF9A}.Debug|Any CPU.Build.0 = Debug|Any CPU
		{98AE4DD1-5E5F-41D5-9361-CBAA3245DF9A}.Release|Any CPU.ActiveCfg = Release|Any CPU
		{98AE4DD1-5E5F-41D5-9361-CBAA3245DF9A}.Release|Any CPU.Build.0 = Release|Any CPU
	EndGlobalSection
	GlobalSection(SolutionProperties) = preSolution
		HideSolutionNode = FALSE
	EndGlobalSection
	GlobalSection(ExtensibilityGlobals) = postSolution
		SolutionGuid = {CAC7D286-B346-4C78-AF6B-739A438F357E}
	EndGlobalSection
EndGlobal
