
Microsoft Visual Studio Solution File, Format Version 12.00
# Visual Studio Version 17
VisualStudioVersion = 17.3.32825.248
MinimumVisualStudioVersion = 10.0.40219.1
Project("{FAE04EC0-301F-11D3-BF4B-00C04F79EFBC}") = "qwerty", "qwerty.csproj", "{9CAD58EF-E062-4029-B5F9-C611619ED4EF}"
EndProject
Global
	GlobalSection(SolutionConfigurationPlatforms) = preSolution
		Debug|Any CPU = Debug|Any CPU
		Release|Any CPU = Release|Any CPU
	EndGlobalSection
	GlobalSection(ProjectConfigurationPlatforms) = postSolution
		{9CAD58EF-E062-4029-B5F9-C611619ED4EF}.Debug|Any CPU.ActiveCfg = Debug|Any CPU
		{9CAD58EF-E062-4029-B5F9-C611619ED4EF}.Debug|Any CPU.Build.0 = Debug|Any CPU
		{9CAD58EF-E062-4029-B5F9-C611619ED4EF}.Release|Any CPU.ActiveCfg = Release|Any CPU
		{9CAD58EF-E062-4029-B5F9-C611619ED4EF}.Release|Any CPU.Build.0 = Release|Any CPU
	EndGlobalSection
	GlobalSection(SolutionProperties) = preSolution
		HideSolutionNode = FALSE
	EndGlobalSection
	GlobalSection(ExtensibilityGlobals) = postSolution
		SolutionGuid = {01685D16-C4CF-4BB2-B838-9366B2AD63CA}
	EndGlobalSection
EndGlobal
