
Microsoft Visual Studio Solution File, Format Version 12.00
# Visual Studio Version 17
VisualStudioVersion = 17.4.33110.190
MinimumVisualStudioVersion = 10.0.40219.1
Project("{9A19103F-16F7-4668-BE54-9A1E7A4F7556}") = "Rocket", "Rocket.csproj", "{C541C339-2B8F-48FE-BD1B-77542B19B06F}"
EndProject
Global
	GlobalSection(SolutionConfigurationPlatforms) = preSolution
		Debug|Any CPU = Debug|Any CPU
		Release|Any CPU = Release|Any CPU
	EndGlobalSection
	GlobalSection(ProjectConfigurationPlatforms) = postSolution
		{C541C339-2B8F-48FE-BD1B-77542B19B06F}.Debug|Any CPU.ActiveCfg = Debug|Any CPU
		{C541C339-2B8F-48FE-BD1B-77542B19B06F}.Debug|Any CPU.Build.0 = Debug|Any CPU
		{C541C339-2B8F-48FE-BD1B-77542B19B06F}.Release|Any CPU.ActiveCfg = Release|Any CPU
		{C541C339-2B8F-48FE-BD1B-77542B19B06F}.Release|Any CPU.Build.0 = Release|Any CPU
	EndGlobalSection
	GlobalSection(SolutionProperties) = preSolution
		HideSolutionNode = FALSE
	EndGlobalSection
	GlobalSection(ExtensibilityGlobals) = postSolution
		SolutionGuid = {F69461E8-4B9B-4501-B191-59FAB820124A}
	EndGlobalSection
EndGlobal
